
Microsoft Visual Studio Solution File, Format Version 12.00
# Visual Studio Version 17
VisualStudioVersion = 17.11.35222.181
MinimumVisualStudioVersion = 10.0.40219.1
Project("{FAE04EC0-301F-11D3-BF4B-00C04F79EFBC}") = "cwiczenia1", "cwiczenia1\cwiczenia1.csproj", "{3858DFFC-4F9F-47B0-9ED2-2FAE18EEA9E8}"
EndProject
Global
	GlobalSection(SolutionConfigurationPlatforms) = preSolution
		Debug|Any CPU = Debug|Any CPU
		Release|Any CPU = Release|Any CPU
	EndGlobalSection
	GlobalSection(ProjectConfigurationPlatforms) = postSolution
		{3858DFFC-4F9F-47B0-9ED2-2FAE18EEA9E8}.Debug|Any CPU.ActiveCfg = Debug|Any CPU
		{3858DFFC-4F9F-47B0-9ED2-2FAE18EEA9E8}.Debug|Any CPU.Build.0 = Debug|Any CPU
		{3858DFFC-4F9F-47B0-9ED2-2FAE18EEA9E8}.Release|Any CPU.ActiveCfg = Release|Any CPU
		{3858DFFC-4F9F-47B0-9ED2-2FAE18EEA9E8}.Release|Any CPU.Build.0 = Release|Any CPU
	EndGlobalSection
	GlobalSection(SolutionProperties) = preSolution
		HideSolutionNode = FALSE
	EndGlobalSection
	GlobalSection(ExtensibilityGlobals) = postSolution
		SolutionGuid = {CD52D3C2-6379-4A70-AAC9-45F0FE48B7A8}
	EndGlobalSection
EndGlobal
